// !$*UTF8*$!
{
	archiveVersion = 1;
	classes = {
	};
	objectVersion = 56;
	objects = {

/* Begin PBXBuildFile section */
		C4501DC92CF866E300D41FE3 /* CalculatorVM.swift in Sources */ = {isa = PBXBuildFile; fileRef = C4501DC82CF866E300D41FE3 /* CalculatorVM.swift */; };
		C4501DCB2CF867B200D41FE3 /* Result.swift in Sources */ = {isa = PBXBuildFile; fileRef = C4501DCA2CF867B200D41FE3 /* Result.swift */; };
		C4501DCD2CF8849B00D41FE3 /* String+Extension.swift in Sources */ = {isa = PBXBuildFile; fileRef = C4501DCC2CF8849B00D41FE3 /* String+Extension.swift */; };
		C4501DCF2CF8926600D41FE3 /* UIResponder+Extension.swift in Sources */ = {isa = PBXBuildFile; fileRef = C4501DCE2CF8926600D41FE3 /* UIResponder+Extension.swift */; };
		C476604A2CF9DB5400A18DC3 /* Int.swift in Sources */ = {isa = PBXBuildFile; fileRef = C47660492CF9DB5400A18DC3 /* Int.swift */; };
		C48F3B982CF5CA6B00063361 /* AmountView.swift in Sources */ = {isa = PBXBuildFile; fileRef = C48F3B972CF5CA6B00063361 /* AmountView.swift */; };
		C4ADA7BE2CF72D750014C1F1 /* ButtonFactory.swift in Sources */ = {isa = PBXBuildFile; fileRef = C4ADA7BD2CF72D750014C1F1 /* ButtonFactory.swift */; };
		C4ADA7C12CF72E460014C1F1 /* Tip.swift in Sources */ = {isa = PBXBuildFile; fileRef = C4ADA7C02CF72E460014C1F1 /* Tip.swift */; };
		C4ADA7C32CF73C450014C1F1 /* HeaderView.swift in Sources */ = {isa = PBXBuildFile; fileRef = C4ADA7C22CF73C450014C1F1 /* HeaderView.swift */; };
		C4C21E7A2CF4669900B0FA86 /* AppDelegate.swift in Sources */ = {isa = PBXBuildFile; fileRef = C4C21E792CF4669900B0FA86 /* AppDelegate.swift */; };
		C4C21E7C2CF4669900B0FA86 /* SceneDelegate.swift in Sources */ = {isa = PBXBuildFile; fileRef = C4C21E7B2CF4669900B0FA86 /* SceneDelegate.swift */; };
		C4C21E832CF4669E00B0FA86 /* Assets.xcassets in Resources */ = {isa = PBXBuildFile; fileRef = C4C21E822CF4669E00B0FA86 /* Assets.xcassets */; };
		C4C21E862CF4669E00B0FA86 /* Base in Resources */ = {isa = PBXBuildFile; fileRef = C4C21E852CF4669E00B0FA86 /* Base */; };
		C4C21E912CF4669E00B0FA86 /* Calculator_CombineTests.swift in Sources */ = {isa = PBXBuildFile; fileRef = C4C21E902CF4669E00B0FA86 /* Calculator_CombineTests.swift */; };
		C4C21E9B2CF4669E00B0FA86 /* Calculator_CombineUITests.swift in Sources */ = {isa = PBXBuildFile; fileRef = C4C21E9A2CF4669E00B0FA86 /* Calculator_CombineUITests.swift */; };
		C4C21E9D2CF4669E00B0FA86 /* Calculator_CombineUITestsLaunchTests.swift in Sources */ = {isa = PBXBuildFile; fileRef = C4C21E9C2CF4669E00B0FA86 /* Calculator_CombineUITestsLaunchTests.swift */; };
		C4C21EAB2CF4678B00B0FA86 /* CalculatorVC.swift in Sources */ = {isa = PBXBuildFile; fileRef = C4C21EAA2CF4678B00B0FA86 /* CalculatorVC.swift */; };
		C4C21EB22CF472ED00B0FA86 /* LogoView.swift in Sources */ = {isa = PBXBuildFile; fileRef = C4C21EB12CF472ED00B0FA86 /* LogoView.swift */; };
		C4C21EB42CF472F900B0FA86 /* ResultView.swift in Sources */ = {isa = PBXBuildFile; fileRef = C4C21EB32CF472F900B0FA86 /* ResultView.swift */; };
		C4C21EB62CF4730B00B0FA86 /* BillInputView.swift in Sources */ = {isa = PBXBuildFile; fileRef = C4C21EB52CF4730B00B0FA86 /* BillInputView.swift */; };
		C4C21EB82CF4731D00B0FA86 /* TipInputView.swift in Sources */ = {isa = PBXBuildFile; fileRef = C4C21EB72CF4731D00B0FA86 /* TipInputView.swift */; };
		C4C21EBA2CF4732B00B0FA86 /* SplitInputView.swift in Sources */ = {isa = PBXBuildFile; fileRef = C4C21EB92CF4732B00B0FA86 /* SplitInputView.swift */; };
		C4C21EBD2CF4742D00B0FA86 /* SnapKit in Frameworks */ = {isa = PBXBuildFile; productRef = C4C21EBC2CF4742D00B0FA86 /* SnapKit */; };
		C4C21EC02CF4746900B0FA86 /* CombineCocoa in Frameworks */ = {isa = PBXBuildFile; productRef = C4C21EBF2CF4746900B0FA86 /* CombineCocoa */; };
		C4C21EC32CF4758000B0FA86 /* SnapshotTesting in Frameworks */ = {isa = PBXBuildFile; productRef = C4C21EC22CF4758000B0FA86 /* SnapshotTesting */; };
		C4C21EC62CF48A0300B0FA86 /* ThemeColor.swift in Sources */ = {isa = PBXBuildFile; fileRef = C4C21EC52CF48A0300B0FA86 /* ThemeColor.swift */; };
		C4C21EC82CF48A0C00B0FA86 /* ThemeFont.swift in Sources */ = {isa = PBXBuildFile; fileRef = C4C21EC72CF48A0C00B0FA86 /* ThemeFont.swift */; };
		C4C21ECB2CF48A2000B0FA86 /* UIColor+Extension.swift in Sources */ = {isa = PBXBuildFile; fileRef = C4C21ECA2CF48A2000B0FA86 /* UIColor+Extension.swift */; };
		C4C21ECE2CF48E7600B0FA86 /* LabelFactory.swift in Sources */ = {isa = PBXBuildFile; fileRef = C4C21ECD2CF48E7600B0FA86 /* LabelFactory.swift */; };
		C4C21ED02CF4B69F00B0FA86 /* UIView+Extension.swift in Sources */ = {isa = PBXBuildFile; fileRef = C4C21ECF2CF4B69F00B0FA86 /* UIView+Extension.swift */; };
/* End PBXBuildFile section */

/* Begin PBXContainerItemProxy section */
		C4C21E8D2CF4669E00B0FA86 /* PBXContainerItemProxy */ = {
			isa = PBXContainerItemProxy;
			containerPortal = C4C21E6E2CF4669900B0FA86 /* Project object */;
			proxyType = 1;
			remoteGlobalIDString = C4C21E752CF4669900B0FA86;
			remoteInfo = "Calculator-Combine";
		};
		C4C21E972CF4669E00B0FA86 /* PBXContainerItemProxy */ = {
			isa = PBXContainerItemProxy;
			containerPortal = C4C21E6E2CF4669900B0FA86 /* Project object */;
			proxyType = 1;
			remoteGlobalIDString = C4C21E752CF4669900B0FA86;
			remoteInfo = "Calculator-Combine";
		};
/* End PBXContainerItemProxy section */

/* Begin PBXFileReference section */
		C4501DC82CF866E300D41FE3 /* CalculatorVM.swift */ = {isa = PBXFileReference; lastKnownFileType = sourcecode.swift; path = CalculatorVM.swift; sourceTree = "<group>"; };
		C4501DCA2CF867B200D41FE3 /* Result.swift */ = {isa = PBXFileReference; lastKnownFileType = sourcecode.swift; path = Result.swift; sourceTree = "<group>"; };
		C4501DCC2CF8849B00D41FE3 /* String+Extension.swift */ = {isa = PBXFileReference; lastKnownFileType = sourcecode.swift; path = "String+Extension.swift"; sourceTree = "<group>"; };
		C4501DCE2CF8926600D41FE3 /* UIResponder+Extension.swift */ = {isa = PBXFileReference; lastKnownFileType = sourcecode.swift; path = "UIResponder+Extension.swift"; sourceTree = "<group>"; };
		C47660492CF9DB5400A18DC3 /* Int.swift */ = {isa = PBXFileReference; lastKnownFileType = sourcecode.swift; path = Int.swift; sourceTree = "<group>"; };
		C48F3B972CF5CA6B00063361 /* AmountView.swift */ = {isa = PBXFileReference; lastKnownFileType = sourcecode.swift; path = AmountView.swift; sourceTree = "<group>"; };
		C4ADA7BD2CF72D750014C1F1 /* ButtonFactory.swift */ = {isa = PBXFileReference; lastKnownFileType = sourcecode.swift; path = ButtonFactory.swift; sourceTree = "<group>"; };
		C4ADA7C02CF72E460014C1F1 /* Tip.swift */ = {isa = PBXFileReference; lastKnownFileType = sourcecode.swift; path = Tip.swift; sourceTree = "<group>"; };
		C4ADA7C22CF73C450014C1F1 /* HeaderView.swift */ = {isa = PBXFileReference; lastKnownFileType = sourcecode.swift; path = HeaderView.swift; sourceTree = "<group>"; };
		C4C21E762CF4669900B0FA86 /* Calculator-Combine.app */ = {isa = PBXFileReference; explicitFileType = wrapper.application; includeInIndex = 0; path = "Calculator-Combine.app"; sourceTree = BUILT_PRODUCTS_DIR; };
		C4C21E792CF4669900B0FA86 /* AppDelegate.swift */ = {isa = PBXFileReference; lastKnownFileType = sourcecode.swift; path = AppDelegate.swift; sourceTree = "<group>"; };
		C4C21E7B2CF4669900B0FA86 /* SceneDelegate.swift */ = {isa = PBXFileReference; lastKnownFileType = sourcecode.swift; path = SceneDelegate.swift; sourceTree = "<group>"; };
		C4C21E822CF4669E00B0FA86 /* Assets.xcassets */ = {isa = PBXFileReference; lastKnownFileType = folder.assetcatalog; path = Assets.xcassets; sourceTree = "<group>"; };
		C4C21E852CF4669E00B0FA86 /* Base */ = {isa = PBXFileReference; lastKnownFileType = file.storyboard; name = Base; path = Base.lproj/LaunchScreen.storyboard; sourceTree = "<group>"; };
		C4C21E872CF4669E00B0FA86 /* Info.plist */ = {isa = PBXFileReference; lastKnownFileType = text.plist.xml; path = Info.plist; sourceTree = "<group>"; };
		C4C21E8C2CF4669E00B0FA86 /* Calculator-CombineTests.xctest */ = {isa = PBXFileReference; explicitFileType = wrapper.cfbundle; includeInIndex = 0; path = "Calculator-CombineTests.xctest"; sourceTree = BUILT_PRODUCTS_DIR; };
		C4C21E902CF4669E00B0FA86 /* Calculator_CombineTests.swift */ = {isa = PBXFileReference; lastKnownFileType = sourcecode.swift; path = Calculator_CombineTests.swift; sourceTree = "<group>"; };
		C4C21E962CF4669E00B0FA86 /* Calculator-CombineUITests.xctest */ = {isa = PBXFileReference; explicitFileType = wrapper.cfbundle; includeInIndex = 0; path = "Calculator-CombineUITests.xctest"; sourceTree = BUILT_PRODUCTS_DIR; };
		C4C21E9A2CF4669E00B0FA86 /* Calculator_CombineUITests.swift */ = {isa = PBXFileReference; lastKnownFileType = sourcecode.swift; path = Calculator_CombineUITests.swift; sourceTree = "<group>"; };
		C4C21E9C2CF4669E00B0FA86 /* Calculator_CombineUITestsLaunchTests.swift */ = {isa = PBXFileReference; lastKnownFileType = sourcecode.swift; path = Calculator_CombineUITestsLaunchTests.swift; sourceTree = "<group>"; };
		C4C21EAA2CF4678B00B0FA86 /* CalculatorVC.swift */ = {isa = PBXFileReference; lastKnownFileType = sourcecode.swift; path = CalculatorVC.swift; sourceTree = "<group>"; };
		C4C21EB12CF472ED00B0FA86 /* LogoView.swift */ = {isa = PBXFileReference; lastKnownFileType = sourcecode.swift; path = LogoView.swift; sourceTree = "<group>"; };
		C4C21EB32CF472F900B0FA86 /* ResultView.swift */ = {isa = PBXFileReference; lastKnownFileType = sourcecode.swift; path = ResultView.swift; sourceTree = "<group>"; };
		C4C21EB52CF4730B00B0FA86 /* BillInputView.swift */ = {isa = PBXFileReference; lastKnownFileType = sourcecode.swift; path = BillInputView.swift; sourceTree = "<group>"; };
		C4C21EB72CF4731D00B0FA86 /* TipInputView.swift */ = {isa = PBXFileReference; lastKnownFileType = sourcecode.swift; path = TipInputView.swift; sourceTree = "<group>"; };
		C4C21EB92CF4732B00B0FA86 /* SplitInputView.swift */ = {isa = PBXFileReference; lastKnownFileType = sourcecode.swift; path = SplitInputView.swift; sourceTree = "<group>"; };
		C4C21EC52CF48A0300B0FA86 /* ThemeColor.swift */ = {isa = PBXFileReference; lastKnownFileType = sourcecode.swift; path = ThemeColor.swift; sourceTree = "<group>"; };
		C4C21EC72CF48A0C00B0FA86 /* ThemeFont.swift */ = {isa = PBXFileReference; lastKnownFileType = sourcecode.swift; path = ThemeFont.swift; sourceTree = "<group>"; };
		C4C21ECA2CF48A2000B0FA86 /* UIColor+Extension.swift */ = {isa = PBXFileReference; lastKnownFileType = sourcecode.swift; path = "UIColor+Extension.swift"; sourceTree = "<group>"; };
		C4C21ECD2CF48E7600B0FA86 /* LabelFactory.swift */ = {isa = PBXFileReference; lastKnownFileType = sourcecode.swift; path = LabelFactory.swift; sourceTree = "<group>"; };
		C4C21ECF2CF4B69F00B0FA86 /* UIView+Extension.swift */ = {isa = PBXFileReference; lastKnownFileType = sourcecode.swift; path = "UIView+Extension.swift"; sourceTree = "<group>"; };
/* End PBXFileReference section */

/* Begin PBXFrameworksBuildPhase section */
		C4C21E732CF4669900B0FA86 /* Frameworks */ = {
			isa = PBXFrameworksBuildPhase;
			buildActionMask = 2147483647;
			files = (
				C4C21EC02CF4746900B0FA86 /* CombineCocoa in Frameworks */,
				C4C21EBD2CF4742D00B0FA86 /* SnapKit in Frameworks */,
			);
			runOnlyForDeploymentPostprocessing = 0;
		};
		C4C21E892CF4669E00B0FA86 /* Frameworks */ = {
			isa = PBXFrameworksBuildPhase;
			buildActionMask = 2147483647;
			files = (
				C4C21EC32CF4758000B0FA86 /* SnapshotTesting in Frameworks */,
			);
			runOnlyForDeploymentPostprocessing = 0;
		};
		C4C21E932CF4669E00B0FA86 /* Frameworks */ = {
			isa = PBXFrameworksBuildPhase;
			buildActionMask = 2147483647;
			files = (
			);
			runOnlyForDeploymentPostprocessing = 0;
		};
/* End PBXFrameworksBuildPhase section */

/* Begin PBXGroup section */
		C4ADA7BF2CF72E3D0014C1F1 /* Model */ = {
			isa = PBXGroup;
			children = (
				C4ADA7C02CF72E460014C1F1 /* Tip.swift */,
				C4501DCA2CF867B200D41FE3 /* Result.swift */,
			);
			path = Model;
			sourceTree = "<group>";
		};
		C4C21E6D2CF4669900B0FA86 = {
			isa = PBXGroup;
			children = (
				C4C21E782CF4669900B0FA86 /* Calculator-Combine */,
				C4C21E8F2CF4669E00B0FA86 /* Calculator-CombineTests */,
				C4C21E992CF4669E00B0FA86 /* Calculator-CombineUITests */,
				C4C21E772CF4669900B0FA86 /* Products */,
			);
			sourceTree = "<group>";
		};
		C4C21E772CF4669900B0FA86 /* Products */ = {
			isa = PBXGroup;
			children = (
				C4C21E762CF4669900B0FA86 /* Calculator-Combine.app */,
				C4C21E8C2CF4669E00B0FA86 /* Calculator-CombineTests.xctest */,
				C4C21E962CF4669E00B0FA86 /* Calculator-CombineUITests.xctest */,
			);
			name = Products;
			sourceTree = "<group>";
		};
		C4C21E782CF4669900B0FA86 /* Calculator-Combine */ = {
			isa = PBXGroup;
			children = (
				C4ADA7BF2CF72E3D0014C1F1 /* Model */,
				C4C21ECC2CF48E5D00B0FA86 /* Factory */,
				C4C21EC92CF48A1100B0FA86 /* Extension */,
				C4C21EC42CF489F800B0FA86 /* Config */,
				C4C21EB02CF4686700B0FA86 /* ViewModels */,
				C4C21EAE2CF4684F00B0FA86 /* SupportingFiles */,
				C4C21EAD2CF4680600B0FA86 /* Views */,
				C4C21EAC2CF467F800B0FA86 /* Resources */,
				C4C21EA92CF4677A00B0FA86 /* ViewControllers */,
				C4C21E872CF4669E00B0FA86 /* Info.plist */,
			);
			path = "Calculator-Combine";
			sourceTree = "<group>";
		};
		C4C21E8F2CF4669E00B0FA86 /* Calculator-CombineTests */ = {
			isa = PBXGroup;
			children = (
				C4C21E902CF4669E00B0FA86 /* Calculator_CombineTests.swift */,
			);
			path = "Calculator-CombineTests";
			sourceTree = "<group>";
		};
		C4C21E992CF4669E00B0FA86 /* Calculator-CombineUITests */ = {
			isa = PBXGroup;
			children = (
				C4C21E9A2CF4669E00B0FA86 /* Calculator_CombineUITests.swift */,
				C4C21E9C2CF4669E00B0FA86 /* Calculator_CombineUITestsLaunchTests.swift */,
			);
			path = "Calculator-CombineUITests";
			sourceTree = "<group>";
		};
		C4C21EA92CF4677A00B0FA86 /* ViewControllers */ = {
			isa = PBXGroup;
			children = (
				C4C21EAF2CF4685C00B0FA86 /* Core */,
			);
			path = ViewControllers;
			sourceTree = "<group>";
		};
		C4C21EAC2CF467F800B0FA86 /* Resources */ = {
			isa = PBXGroup;
			children = (
				C4C21E822CF4669E00B0FA86 /* Assets.xcassets */,
			);
			path = Resources;
			sourceTree = "<group>";
		};
		C4C21EAD2CF4680600B0FA86 /* Views */ = {
			isa = PBXGroup;
			children = (
				C4C21E842CF4669E00B0FA86 /* LaunchScreen.storyboard */,
				C4C21EB12CF472ED00B0FA86 /* LogoView.swift */,
				C4C21EB32CF472F900B0FA86 /* ResultView.swift */,
				C4C21EB52CF4730B00B0FA86 /* BillInputView.swift */,
				C4C21EB72CF4731D00B0FA86 /* TipInputView.swift */,
				C4C21EB92CF4732B00B0FA86 /* SplitInputView.swift */,
				C48F3B972CF5CA6B00063361 /* AmountView.swift */,
				C4ADA7C22CF73C450014C1F1 /* HeaderView.swift */,
			);
			path = Views;
			sourceTree = "<group>";
		};
		C4C21EAE2CF4684F00B0FA86 /* SupportingFiles */ = {
			isa = PBXGroup;
			children = (
				C4C21E792CF4669900B0FA86 /* AppDelegate.swift */,
				C4C21E7B2CF4669900B0FA86 /* SceneDelegate.swift */,
			);
			path = SupportingFiles;
			sourceTree = "<group>";
		};
		C4C21EAF2CF4685C00B0FA86 /* Core */ = {
			isa = PBXGroup;
			children = (
				C4C21EAA2CF4678B00B0FA86 /* CalculatorVC.swift */,
			);
			path = Core;
			sourceTree = "<group>";
		};
		C4C21EB02CF4686700B0FA86 /* ViewModels */ = {
			isa = PBXGroup;
			children = (
				C4501DC82CF866E300D41FE3 /* CalculatorVM.swift */,
			);
			path = ViewModels;
			sourceTree = "<group>";
		};
		C4C21EC42CF489F800B0FA86 /* Config */ = {
			isa = PBXGroup;
			children = (
				C4C21EC52CF48A0300B0FA86 /* ThemeColor.swift */,
				C4C21EC72CF48A0C00B0FA86 /* ThemeFont.swift */,
			);
			path = Config;
			sourceTree = "<group>";
		};
		C4C21EC92CF48A1100B0FA86 /* Extension */ = {
			isa = PBXGroup;
			children = (
				C4C21ECA2CF48A2000B0FA86 /* UIColor+Extension.swift */,
				C4C21ECF2CF4B69F00B0FA86 /* UIView+Extension.swift */,
				C4501DCC2CF8849B00D41FE3 /* String+Extension.swift */,
				C4501DCE2CF8926600D41FE3 /* UIResponder+Extension.swift */,
				C47660492CF9DB5400A18DC3 /* Int.swift */,
			);
			path = Extension;
			sourceTree = "<group>";
		};
		C4C21ECC2CF48E5D00B0FA86 /* Factory */ = {
			isa = PBXGroup;
			children = (
				C4C21ECD2CF48E7600B0FA86 /* LabelFactory.swift */,
				C4ADA7BD2CF72D750014C1F1 /* ButtonFactory.swift */,
			);
			path = Factory;
			sourceTree = "<group>";
		};
/* End PBXGroup section */

/* Begin PBXNativeTarget section */
		C4C21E752CF4669900B0FA86 /* Calculator-Combine */ = {
			isa = PBXNativeTarget;
			buildConfigurationList = C4C21EA02CF4669E00B0FA86 /* Build configuration list for PBXNativeTarget "Calculator-Combine" */;
			buildPhases = (
				C4C21E722CF4669900B0FA86 /* Sources */,
				C4C21E732CF4669900B0FA86 /* Frameworks */,
				C4C21E742CF4669900B0FA86 /* Resources */,
			);
			buildRules = (
			);
			dependencies = (
			);
			name = "Calculator-Combine";
			packageProductDependencies = (
				C4C21EBC2CF4742D00B0FA86 /* SnapKit */,
				C4C21EBF2CF4746900B0FA86 /* CombineCocoa */,
			);
			productName = "Calculator-Combine";
			productReference = C4C21E762CF4669900B0FA86 /* Calculator-Combine.app */;
			productType = "com.apple.product-type.application";
		};
		C4C21E8B2CF4669E00B0FA86 /* Calculator-CombineTests */ = {
			isa = PBXNativeTarget;
			buildConfigurationList = C4C21EA32CF4669E00B0FA86 /* Build configuration list for PBXNativeTarget "Calculator-CombineTests" */;
			buildPhases = (
				C4C21E882CF4669E00B0FA86 /* Sources */,
				C4C21E892CF4669E00B0FA86 /* Frameworks */,
				C4C21E8A2CF4669E00B0FA86 /* Resources */,
			);
			buildRules = (
			);
			dependencies = (
				C4C21E8E2CF4669E00B0FA86 /* PBXTargetDependency */,
			);
			name = "Calculator-CombineTests";
			packageProductDependencies = (
				C4C21EC22CF4758000B0FA86 /* SnapshotTesting */,
			);
			productName = "Calculator-CombineTests";
			productReference = C4C21E8C2CF4669E00B0FA86 /* Calculator-CombineTests.xctest */;
			productType = "com.apple.product-type.bundle.unit-test";
		};
		C4C21E952CF4669E00B0FA86 /* Calculator-CombineUITests */ = {
			isa = PBXNativeTarget;
			buildConfigurationList = C4C21EA62CF4669E00B0FA86 /* Build configuration list for PBXNativeTarget "Calculator-CombineUITests" */;
			buildPhases = (
				C4C21E922CF4669E00B0FA86 /* Sources */,
				C4C21E932CF4669E00B0FA86 /* Frameworks */,
				C4C21E942CF4669E00B0FA86 /* Resources */,
			);
			buildRules = (
			);
			dependencies = (
				C4C21E982CF4669E00B0FA86 /* PBXTargetDependency */,
			);
			name = "Calculator-CombineUITests";
			productName = "Calculator-CombineUITests";
			productReference = C4C21E962CF4669E00B0FA86 /* Calculator-CombineUITests.xctest */;
			productType = "com.apple.product-type.bundle.ui-testing";
		};
/* End PBXNativeTarget section */

/* Begin PBXProject section */
		C4C21E6E2CF4669900B0FA86 /* Project object */ = {
			isa = PBXProject;
			attributes = {
				BuildIndependentTargetsInParallel = 1;
				LastSwiftUpdateCheck = 1540;
				LastUpgradeCheck = 1540;
				TargetAttributes = {
					C4C21E752CF4669900B0FA86 = {
						CreatedOnToolsVersion = 15.4;
					};
					C4C21E8B2CF4669E00B0FA86 = {
						CreatedOnToolsVersion = 15.4;
						TestTargetID = C4C21E752CF4669900B0FA86;
					};
					C4C21E952CF4669E00B0FA86 = {
						CreatedOnToolsVersion = 15.4;
						TestTargetID = C4C21E752CF4669900B0FA86;
					};
				};
			};
			buildConfigurationList = C4C21E712CF4669900B0FA86 /* Build configuration list for PBXProject "Calculator-Combine" */;
			compatibilityVersion = "Xcode 14.0";
			developmentRegion = en;
			hasScannedForEncodings = 0;
			knownRegions = (
				en,
				Base,
			);
			mainGroup = C4C21E6D2CF4669900B0FA86;
			packageReferences = (
				C4C21EBB2CF4742D00B0FA86 /* XCRemoteSwiftPackageReference "SnapKit" */,
				C4C21EBE2CF4746900B0FA86 /* XCRemoteSwiftPackageReference "CombineCocoa" */,
				C4C21EC12CF4758000B0FA86 /* XCRemoteSwiftPackageReference "swift-snapshot-testing" */,
			);
			productRefGroup = C4C21E772CF4669900B0FA86 /* Products */;
			projectDirPath = "";
			projectRoot = "";
			targets = (
				C4C21E752CF4669900B0FA86 /* Calculator-Combine */,
				C4C21E8B2CF4669E00B0FA86 /* Calculator-CombineTests */,
				C4C21E952CF4669E00B0FA86 /* Calculator-CombineUITests */,
			);
		};
/* End PBXProject section */

/* Begin PBXResourcesBuildPhase section */
		C4C21E742CF4669900B0FA86 /* Resources */ = {
			isa = PBXResourcesBuildPhase;
			buildActionMask = 2147483647;
			files = (
				C4C21E832CF4669E00B0FA86 /* Assets.xcassets in Resources */,
				C4C21E862CF4669E00B0FA86 /* Base in Resources */,
			);
			runOnlyForDeploymentPostprocessing = 0;
		};
		C4C21E8A2CF4669E00B0FA86 /* Resources */ = {
			isa = PBXResourcesBuildPhase;
			buildActionMask = 2147483647;
			files = (
			);
			runOnlyForDeploymentPostprocessing = 0;
		};
		C4C21E942CF4669E00B0FA86 /* Resources */ = {
			isa = PBXResourcesBuildPhase;
			buildActionMask = 2147483647;
			files = (
			);
			runOnlyForDeploymentPostprocessing = 0;
		};
/* End PBXResourcesBuildPhase section */

/* Begin PBXSourcesBuildPhase section */
		C4C21E722CF4669900B0FA86 /* Sources */ = {
			isa = PBXSourcesBuildPhase;
			buildActionMask = 2147483647;
			files = (
				C48F3B982CF5CA6B00063361 /* AmountView.swift in Sources */,
				C4ADA7C12CF72E460014C1F1 /* Tip.swift in Sources */,
				C4501DCB2CF867B200D41FE3 /* Result.swift in Sources */,
				C4C21E7A2CF4669900B0FA86 /* AppDelegate.swift in Sources */,
				C4C21ED02CF4B69F00B0FA86 /* UIView+Extension.swift in Sources */,
				C476604A2CF9DB5400A18DC3 /* Int.swift in Sources */,
				C4C21EB22CF472ED00B0FA86 /* LogoView.swift in Sources */,
				C4C21EC62CF48A0300B0FA86 /* ThemeColor.swift in Sources */,
				C4ADA7C32CF73C450014C1F1 /* HeaderView.swift in Sources */,
				C4501DCF2CF8926600D41FE3 /* UIResponder+Extension.swift in Sources */,
				C4501DCD2CF8849B00D41FE3 /* String+Extension.swift in Sources */,
				C4C21ECB2CF48A2000B0FA86 /* UIColor+Extension.swift in Sources */,
				C4ADA7BE2CF72D750014C1F1 /* ButtonFactory.swift in Sources */,
				C4C21EB62CF4730B00B0FA86 /* BillInputView.swift in Sources */,
				C4C21EB42CF472F900B0FA86 /* ResultView.swift in Sources */,
				C4C21E7C2CF4669900B0FA86 /* SceneDelegate.swift in Sources */,
				C4C21EC82CF48A0C00B0FA86 /* ThemeFont.swift in Sources */,
				C4C21EAB2CF4678B00B0FA86 /* CalculatorVC.swift in Sources */,
				C4C21ECE2CF48E7600B0FA86 /* LabelFactory.swift in Sources */,
				C4C21EBA2CF4732B00B0FA86 /* SplitInputView.swift in Sources */,
				C4501DC92CF866E300D41FE3 /* CalculatorVM.swift in Sources */,
				C4C21EB82CF4731D00B0FA86 /* TipInputView.swift in Sources */,
			);
			runOnlyForDeploymentPostprocessing = 0;
		};
		C4C21E882CF4669E00B0FA86 /* Sources */ = {
			isa = PBXSourcesBuildPhase;
			buildActionMask = 2147483647;
			files = (
				C4C21E912CF4669E00B0FA86 /* Calculator_CombineTests.swift in Sources */,
			);
			runOnlyForDeploymentPostprocessing = 0;
		};
		C4C21E922CF4669E00B0FA86 /* Sources */ = {
			isa = PBXSourcesBuildPhase;
			buildActionMask = 2147483647;
			files = (
				C4C21E9D2CF4669E00B0FA86 /* Calculator_CombineUITestsLaunchTests.swift in Sources */,
				C4C21E9B2CF4669E00B0FA86 /* Calculator_CombineUITests.swift in Sources */,
			);
			runOnlyForDeploymentPostprocessing = 0;
		};
/* End PBXSourcesBuildPhase section */

/* Begin PBXTargetDependency section */
		C4C21E8E2CF4669E00B0FA86 /* PBXTargetDependency */ = {
			isa = PBXTargetDependency;
			target = C4C21E752CF4669900B0FA86 /* Calculator-Combine */;
			targetProxy = C4C21E8D2CF4669E00B0FA86 /* PBXContainerItemProxy */;
		};
		C4C21E982CF4669E00B0FA86 /* PBXTargetDependency */ = {
			isa = PBXTargetDependency;
			target = C4C21E752CF4669900B0FA86 /* Calculator-Combine */;
			targetProxy = C4C21E972CF4669E00B0FA86 /* PBXContainerItemProxy */;
		};
/* End PBXTargetDependency section */

/* Begin PBXVariantGroup section */
		C4C21E842CF4669E00B0FA86 /* LaunchScreen.storyboard */ = {
			isa = PBXVariantGroup;
			children = (
				C4C21E852CF4669E00B0FA86 /* Base */,
			);
			name = LaunchScreen.storyboard;
			sourceTree = "<group>";
		};
/* End PBXVariantGroup section */

/* Begin XCBuildConfiguration section */
		C4C21E9E2CF4669E00B0FA86 /* Debug */ = {
			isa = XCBuildConfiguration;
			buildSettings = {
				ALWAYS_SEARCH_USER_PATHS = NO;
				ASSETCATALOG_COMPILER_GENERATE_SWIFT_ASSET_SYMBOL_EXTENSIONS = YES;
				CLANG_ANALYZER_NONNULL = YES;
				CLANG_ANALYZER_NUMBER_OBJECT_CONVERSION = YES_AGGRESSIVE;
				CLANG_CXX_LANGUAGE_STANDARD = "gnu++20";
				CLANG_ENABLE_MODULES = YES;
				CLANG_ENABLE_OBJC_ARC = YES;
				CLANG_ENABLE_OBJC_WEAK = YES;
				CLANG_WARN_BLOCK_CAPTURE_AUTORELEASING = YES;
				CLANG_WARN_BOOL_CONVERSION = YES;
				CLANG_WARN_COMMA = YES;
				CLANG_WARN_CONSTANT_CONVERSION = YES;
				CLANG_WARN_DEPRECATED_OBJC_IMPLEMENTATIONS = YES;
				CLANG_WARN_DIRECT_OBJC_ISA_USAGE = YES_ERROR;
				CLANG_WARN_DOCUMENTATION_COMMENTS = YES;
				CLANG_WARN_EMPTY_BODY = YES;
				CLANG_WARN_ENUM_CONVERSION = YES;
				CLANG_WARN_INFINITE_RECURSION = YES;
				CLANG_WARN_INT_CONVERSION = YES;
				CLANG_WARN_NON_LITERAL_NULL_CONVERSION = YES;
				CLANG_WARN_OBJC_IMPLICIT_RETAIN_SELF = YES;
				CLANG_WARN_OBJC_LITERAL_CONVERSION = YES;
				CLANG_WARN_OBJC_ROOT_CLASS = YES_ERROR;
				CLANG_WARN_QUOTED_INCLUDE_IN_FRAMEWORK_HEADER = YES;
				CLANG_WARN_RANGE_LOOP_ANALYSIS = YES;
				CLANG_WARN_STRICT_PROTOTYPES = YES;
				CLANG_WARN_SUSPICIOUS_MOVE = YES;
				CLANG_WARN_UNGUARDED_AVAILABILITY = YES_AGGRESSIVE;
				CLANG_WARN_UNREACHABLE_CODE = YES;
				CLANG_WARN__DUPLICATE_METHOD_MATCH = YES;
				COPY_PHASE_STRIP = NO;
				DEBUG_INFORMATION_FORMAT = dwarf;
				ENABLE_STRICT_OBJC_MSGSEND = YES;
				ENABLE_TESTABILITY = YES;
				ENABLE_USER_SCRIPT_SANDBOXING = YES;
				GCC_C_LANGUAGE_STANDARD = gnu17;
				GCC_DYNAMIC_NO_PIC = NO;
				GCC_NO_COMMON_BLOCKS = YES;
				GCC_OPTIMIZATION_LEVEL = 0;
				GCC_PREPROCESSOR_DEFINITIONS = (
					"DEBUG=1",
					"$(inherited)",
				);
				GCC_WARN_64_TO_32_BIT_CONVERSION = YES;
				GCC_WARN_ABOUT_RETURN_TYPE = YES_ERROR;
				GCC_WARN_UNDECLARED_SELECTOR = YES;
				GCC_WARN_UNINITIALIZED_AUTOS = YES_AGGRESSIVE;
				GCC_WARN_UNUSED_FUNCTION = YES;
				GCC_WARN_UNUSED_VARIABLE = YES;
				IPHONEOS_DEPLOYMENT_TARGET = 17.5;
				LOCALIZATION_PREFERS_STRING_CATALOGS = YES;
				MTL_ENABLE_DEBUG_INFO = INCLUDE_SOURCE;
				MTL_FAST_MATH = YES;
				ONLY_ACTIVE_ARCH = YES;
				SDKROOT = iphoneos;
				SWIFT_ACTIVE_COMPILATION_CONDITIONS = "DEBUG $(inherited)";
				SWIFT_OPTIMIZATION_LEVEL = "-Onone";
			};
			name = Debug;
		};
		C4C21E9F2CF4669E00B0FA86 /* Release */ = {
			isa = XCBuildConfiguration;
			buildSettings = {
				ALWAYS_SEARCH_USER_PATHS = NO;
				ASSETCATALOG_COMPILER_GENERATE_SWIFT_ASSET_SYMBOL_EXTENSIONS = YES;
				CLANG_ANALYZER_NONNULL = YES;
				CLANG_ANALYZER_NUMBER_OBJECT_CONVERSION = YES_AGGRESSIVE;
				CLANG_CXX_LANGUAGE_STANDARD = "gnu++20";
				CLANG_ENABLE_MODULES = YES;
				CLANG_ENABLE_OBJC_ARC = YES;
				CLANG_ENABLE_OBJC_WEAK = YES;
				CLANG_WARN_BLOCK_CAPTURE_AUTORELEASING = YES;
				CLANG_WARN_BOOL_CONVERSION = YES;
				CLANG_WARN_COMMA = YES;
				CLANG_WARN_CONSTANT_CONVERSION = YES;
				CLANG_WARN_DEPRECATED_OBJC_IMPLEMENTATIONS = YES;
				CLANG_WARN_DIRECT_OBJC_ISA_USAGE = YES_ERROR;
				CLANG_WARN_DOCUMENTATION_COMMENTS = YES;
				CLANG_WARN_EMPTY_BODY = YES;
				CLANG_WARN_ENUM_CONVERSION = YES;
				CLANG_WARN_INFINITE_RECURSION = YES;
				CLANG_WARN_INT_CONVERSION = YES;
				CLANG_WARN_NON_LITERAL_NULL_CONVERSION = YES;
				CLANG_WARN_OBJC_IMPLICIT_RETAIN_SELF = YES;
				CLANG_WARN_OBJC_LITERAL_CONVERSION = YES;
				CLANG_WARN_OBJC_ROOT_CLASS = YES_ERROR;
				CLANG_WARN_QUOTED_INCLUDE_IN_FRAMEWORK_HEADER = YES;
				CLANG_WARN_RANGE_LOOP_ANALYSIS = YES;
				CLANG_WARN_STRICT_PROTOTYPES = YES;
				CLANG_WARN_SUSPICIOUS_MOVE = YES;
				CLANG_WARN_UNGUARDED_AVAILABILITY = YES_AGGRESSIVE;
				CLANG_WARN_UNREACHABLE_CODE = YES;
				CLANG_WARN__DUPLICATE_METHOD_MATCH = YES;
				COPY_PHASE_STRIP = NO;
				DEBUG_INFORMATION_FORMAT = "dwarf-with-dsym";
				ENABLE_NS_ASSERTIONS = NO;
				ENABLE_STRICT_OBJC_MSGSEND = YES;
				ENABLE_USER_SCRIPT_SANDBOXING = YES;
				GCC_C_LANGUAGE_STANDARD = gnu17;
				GCC_NO_COMMON_BLOCKS = YES;
				GCC_WARN_64_TO_32_BIT_CONVERSION = YES;
				GCC_WARN_ABOUT_RETURN_TYPE = YES_ERROR;
				GCC_WARN_UNDECLARED_SELECTOR = YES;
				GCC_WARN_UNINITIALIZED_AUTOS = YES_AGGRESSIVE;
				GCC_WARN_UNUSED_FUNCTION = YES;
				GCC_WARN_UNUSED_VARIABLE = YES;
				IPHONEOS_DEPLOYMENT_TARGET = 17.5;
				LOCALIZATION_PREFERS_STRING_CATALOGS = YES;
				MTL_ENABLE_DEBUG_INFO = NO;
				MTL_FAST_MATH = YES;
				SDKROOT = iphoneos;
				SWIFT_COMPILATION_MODE = wholemodule;
				VALIDATE_PRODUCT = YES;
			};
			name = Release;
		};
		C4C21EA12CF4669E00B0FA86 /* Debug */ = {
			isa = XCBuildConfiguration;
			buildSettings = {
				ASSETCATALOG_COMPILER_APPICON_NAME = AppIcon;
				ASSETCATALOG_COMPILER_GLOBAL_ACCENT_COLOR_NAME = AccentColor;
				CODE_SIGN_STYLE = Automatic;
				CURRENT_PROJECT_VERSION = 1;
				DEVELOPMENT_TEAM = 5XZHHC4623;
				GENERATE_INFOPLIST_FILE = YES;
				INFOPLIST_FILE = "Calculator-Combine/Info.plist";
				INFOPLIST_KEY_UIApplicationSupportsIndirectInputEvents = YES;
				INFOPLIST_KEY_UILaunchStoryboardName = LaunchScreen;
				INFOPLIST_KEY_UIMainStoryboardFile = "";
				INFOPLIST_KEY_UISupportedInterfaceOrientations = UIInterfaceOrientationPortrait;
				INFOPLIST_KEY_UISupportedInterfaceOrientations_iPad = "UIInterfaceOrientationLandscapeLeft UIInterfaceOrientationLandscapeRight UIInterfaceOrientationPortraitUpsideDown";
				IPHONEOS_DEPLOYMENT_TARGET = 16.0;
				LD_RUNPATH_SEARCH_PATHS = (
					"$(inherited)",
					"@executable_path/Frameworks",
				);
				MARKETING_VERSION = 1.0.0;
				PRODUCT_BUNDLE_IDENTIFIER = "com.giraysengonul.Calculator-Combine";
				PRODUCT_NAME = "$(TARGET_NAME)";
				SUPPORTED_PLATFORMS = "iphoneos iphonesimulator";
				SUPPORTS_MACCATALYST = NO;
				SUPPORTS_MAC_DESIGNED_FOR_IPHONE_IPAD = NO;
				SUPPORTS_XR_DESIGNED_FOR_IPHONE_IPAD = NO;
				SWIFT_EMIT_LOC_STRINGS = YES;
				SWIFT_VERSION = 5.0;
				TARGETED_DEVICE_FAMILY = 1;
			};
			name = Debug;
		};
		C4C21EA22CF4669E00B0FA86 /* Release */ = {
			isa = XCBuildConfiguration;
			buildSettings = {
				ASSETCATALOG_COMPILER_APPICON_NAME = AppIcon;
				ASSETCATALOG_COMPILER_GLOBAL_ACCENT_COLOR_NAME = AccentColor;
				CODE_SIGN_STYLE = Automatic;
				CURRENT_PROJECT_VERSION = 1;
				DEVELOPMENT_TEAM = 5XZHHC4623;
				GENERATE_INFOPLIST_FILE = YES;
				INFOPLIST_FILE = "Calculator-Combine/Info.plist";
				INFOPLIST_KEY_UIApplicationSupportsIndirectInputEvents = YES;
				INFOPLIST_KEY_UILaunchStoryboardName = LaunchScreen;
				INFOPLIST_KEY_UIMainStoryboardFile = "";
				INFOPLIST_KEY_UISupportedInterfaceOrientations = UIInterfaceOrientationPortrait;
				INFOPLIST_KEY_UISupportedInterfaceOrientations_iPad = "UIInterfaceOrientationLandscapeLeft UIInterfaceOrientationLandscapeRight UIInterfaceOrientationPortraitUpsideDown";
				IPHONEOS_DEPLOYMENT_TARGET = 16.0;
				LD_RUNPATH_SEARCH_PATHS = (
					"$(inherited)",
					"@executable_path/Frameworks",
				);
				MARKETING_VERSION = 1.0.0;
				PRODUCT_BUNDLE_IDENTIFIER = "com.giraysengonul.Calculator-Combine";
				PRODUCT_NAME = "$(TARGET_NAME)";
				SUPPORTED_PLATFORMS = "iphoneos iphonesimulator";
				SUPPORTS_MACCATALYST = NO;
				SUPPORTS_MAC_DESIGNED_FOR_IPHONE_IPAD = NO;
				SUPPORTS_XR_DESIGNED_FOR_IPHONE_IPAD = NO;
				SWIFT_EMIT_LOC_STRINGS = YES;
				SWIFT_VERSION = 5.0;
				TARGETED_DEVICE_FAMILY = 1;
			};
			name = Release;
		};
		C4C21EA42CF4669E00B0FA86 /* Debug */ = {
			isa = XCBuildConfiguration;
			buildSettings = {
				ALWAYS_EMBED_SWIFT_STANDARD_LIBRARIES = YES;
				BUNDLE_LOADER = "$(TEST_HOST)";
				CODE_SIGN_STYLE = Automatic;
				CURRENT_PROJECT_VERSION = 1;
				DEVELOPMENT_TEAM = 5XZHHC4623;
				GENERATE_INFOPLIST_FILE = YES;
				IPHONEOS_DEPLOYMENT_TARGET = 17.5;
				MARKETING_VERSION = 1.0;
				PRODUCT_BUNDLE_IDENTIFIER = "com.giraysengonul.Calculator-CombineTests";
				PRODUCT_NAME = "$(TARGET_NAME)";
				SWIFT_EMIT_LOC_STRINGS = NO;
				SWIFT_VERSION = 5.0;
				TARGETED_DEVICE_FAMILY = "1,2";
				TEST_HOST = "$(BUILT_PRODUCTS_DIR)/Calculator-Combine.app/$(BUNDLE_EXECUTABLE_FOLDER_PATH)/Calculator-Combine";
			};
			name = Debug;
		};
		C4C21EA52CF4669E00B0FA86 /* Release */ = {
			isa = XCBuildConfiguration;
			buildSettings = {
				ALWAYS_EMBED_SWIFT_STANDARD_LIBRARIES = YES;
				BUNDLE_LOADER = "$(TEST_HOST)";
				CODE_SIGN_STYLE = Automatic;
				CURRENT_PROJECT_VERSION = 1;
				DEVELOPMENT_TEAM = 5XZHHC4623;
				GENERATE_INFOPLIST_FILE = YES;
				IPHONEOS_DEPLOYMENT_TARGET = 17.5;
				MARKETING_VERSION = 1.0;
				PRODUCT_BUNDLE_IDENTIFIER = "com.giraysengonul.Calculator-CombineTests";
				PRODUCT_NAME = "$(TARGET_NAME)";
				SWIFT_EMIT_LOC_STRINGS = NO;
				SWIFT_VERSION = 5.0;
				TARGETED_DEVICE_FAMILY = "1,2";
				TEST_HOST = "$(BUILT_PRODUCTS_DIR)/Calculator-Combine.app/$(BUNDLE_EXECUTABLE_FOLDER_PATH)/Calculator-Combine";
			};
			name = Release;
		};
		C4C21EA72CF4669E00B0FA86 /* Debug */ = {
			isa = XCBuildConfiguration;
			buildSettings = {
				ALWAYS_EMBED_SWIFT_STANDARD_LIBRARIES = YES;
				CODE_SIGN_STYLE = Automatic;
				CURRENT_PROJECT_VERSION = 1;
				DEVELOPMENT_TEAM = 5XZHHC4623;
				GENERATE_INFOPLIST_FILE = YES;
				MARKETING_VERSION = 1.0;
				PRODUCT_BUNDLE_IDENTIFIER = "com.giraysengonul.Calculator-CombineUITests";
				PRODUCT_NAME = "$(TARGET_NAME)";
				SWIFT_EMIT_LOC_STRINGS = NO;
				SWIFT_VERSION = 5.0;
				TARGETED_DEVICE_FAMILY = "1,2";
				TEST_TARGET_NAME = "Calculator-Combine";
			};
			name = Debug;
		};
		C4C21EA82CF4669E00B0FA86 /* Release */ = {
			isa = XCBuildConfiguration;
			buildSettings = {
				ALWAYS_EMBED_SWIFT_STANDARD_LIBRARIES = YES;
				CODE_SIGN_STYLE = Automatic;
				CURRENT_PROJECT_VERSION = 1;
				DEVELOPMENT_TEAM = 5XZHHC4623;
				GENERATE_INFOPLIST_FILE = YES;
				MARKETING_VERSION = 1.0;
				PRODUCT_BUNDLE_IDENTIFIER = "com.giraysengonul.Calculator-CombineUITests";
				PRODUCT_NAME = "$(TARGET_NAME)";
				SWIFT_EMIT_LOC_STRINGS = NO;
				SWIFT_VERSION = 5.0;
				TARGETED_DEVICE_FAMILY = "1,2";
				TEST_TARGET_NAME = "Calculator-Combine";
			};
			name = Release;
		};
/* End XCBuildConfiguration section */

/* Begin XCConfigurationList section */
		C4C21E712CF4669900B0FA86 /* Build configuration list for PBXProject "Calculator-Combine" */ = {
			isa = XCConfigurationList;
			buildConfigurations = (
				C4C21E9E2CF4669E00B0FA86 /* Debug */,
				C4C21E9F2CF4669E00B0FA86 /* Release */,
			);
			defaultConfigurationIsVisible = 0;
			defaultConfigurationName = Release;
		};
		C4C21EA02CF4669E00B0FA86 /* Build configuration list for PBXNativeTarget "Calculator-Combine" */ = {
			isa = XCConfigurationList;
			buildConfigurations = (
				C4C21EA12CF4669E00B0FA86 /* Debug */,
				C4C21EA22CF4669E00B0FA86 /* Release */,
			);
			defaultConfigurationIsVisible = 0;
			defaultConfigurationName = Release;
		};
		C4C21EA32CF4669E00B0FA86 /* Build configuration list for PBXNativeTarget "Calculator-CombineTests" */ = {
			isa = XCConfigurationList;
			buildConfigurations = (
				C4C21EA42CF4669E00B0FA86 /* Debug */,
				C4C21EA52CF4669E00B0FA86 /* Release */,
			);
			defaultConfigurationIsVisible = 0;
			defaultConfigurationName = Release;
		};
		C4C21EA62CF4669E00B0FA86 /* Build configuration list for PBXNativeTarget "Calculator-CombineUITests" */ = {
			isa = XCConfigurationList;
			buildConfigurations = (
				C4C21EA72CF4669E00B0FA86 /* Debug */,
				C4C21EA82CF4669E00B0FA86 /* Release */,
			);
			defaultConfigurationIsVisible = 0;
			defaultConfigurationName = Release;
		};
/* End XCConfigurationList section */

/* Begin XCRemoteSwiftPackageReference section */
		C4C21EBB2CF4742D00B0FA86 /* XCRemoteSwiftPackageReference "SnapKit" */ = {
			isa = XCRemoteSwiftPackageReference;
			repositoryURL = "https://github.com/SnapKit/SnapKit.git";
			requirement = {
				kind = upToNextMajorVersion;
				minimumVersion = 5.7.1;
			};
		};
		C4C21EBE2CF4746900B0FA86 /* XCRemoteSwiftPackageReference "CombineCocoa" */ = {
			isa = XCRemoteSwiftPackageReference;
			repositoryURL = "https://github.com/CombineCommunity/CombineCocoa.git";
			requirement = {
				kind = upToNextMajorVersion;
				minimumVersion = 0.4.1;
			};
		};
		C4C21EC12CF4758000B0FA86 /* XCRemoteSwiftPackageReference "swift-snapshot-testing" */ = {
			isa = XCRemoteSwiftPackageReference;
			repositoryURL = "https://github.com/pointfreeco/swift-snapshot-testing";
			requirement = {
				kind = upToNextMajorVersion;
				minimumVersion = 1.17.6;
			};
		};
/* End XCRemoteSwiftPackageReference section */

/* Begin XCSwiftPackageProductDependency section */
		C4C21EBC2CF4742D00B0FA86 /* SnapKit */ = {
			isa = XCSwiftPackageProductDependency;
			package = C4C21EBB2CF4742D00B0FA86 /* XCRemoteSwiftPackageReference "SnapKit" */;
			productName = SnapKit;
		};
		C4C21EBF2CF4746900B0FA86 /* CombineCocoa */ = {
			isa = XCSwiftPackageProductDependency;
			package = C4C21EBE2CF4746900B0FA86 /* XCRemoteSwiftPackageReference "CombineCocoa" */;
			productName = CombineCocoa;
		};
		C4C21EC22CF4758000B0FA86 /* SnapshotTesting */ = {
			isa = XCSwiftPackageProductDependency;
			package = C4C21EC12CF4758000B0FA86 /* XCRemoteSwiftPackageReference "swift-snapshot-testing" */;
			productName = SnapshotTesting;
		};
/* End XCSwiftPackageProductDependency section */
	};
	rootObject = C4C21E6E2CF4669900B0FA86 /* Project object */;
}
